
Microsoft Visual Studio Solution File, Format Version 12.00
# Visual Studio Version 16
VisualStudioVersion = 16.0.29503.13
MinimumVisualStudioVersion = 10.0.40219.1
Project("{FAE04EC0-301F-11D3-BF4B-00C04F79EFBC}") = "WebApplication3", "WebApplication3\WebApplication3.csproj", "{35FD4C63-68AE-4031-B794-0912FE528E93}"
EndProject
Project("{FAE04EC0-301F-11D3-BF4B-00C04F79EFBC}") = "ClassLibrary1", "ClassLibrary1\ClassLibrary1.csproj", "{243C3EE4-2600-4367-B3F3-F88D9F4CC8FB}"
EndProject
Project("{FAE04EC0-301F-11D3-BF4B-00C04F79EFBC}") = "WebApplication1", "WebApplication1\WebApplication1.csproj", "{923EEE8F-C206-4AD2-8FC4-E541B23E1237}"
EndProject
Global
	GlobalSection(SolutionConfigurationPlatforms) = preSolution
		Debug|Any CPU = Debug|Any CPU
		Release|Any CPU = Release|Any CPU
	EndGlobalSection
	GlobalSection(ProjectConfigurationPlatforms) = postSolution
		{35FD4C63-68AE-4031-B794-0912FE528E93}.Debug|Any CPU.ActiveCfg = Debug|Any CPU
		{35FD4C63-68AE-4031-B794-0912FE528E93}.Debug|Any CPU.Build.0 = Debug|Any CPU
		{35FD4C63-68AE-4031-B794-0912FE528E93}.Release|Any CPU.ActiveCfg = Release|Any CPU
		{35FD4C63-68AE-4031-B794-0912FE528E93}.Release|Any CPU.Build.0 = Release|Any CPU
		{243C3EE4-2600-4367-B3F3-F88D9F4CC8FB}.Debug|Any CPU.ActiveCfg = Debug|Any CPU
		{243C3EE4-2600-4367-B3F3-F88D9F4CC8FB}.Debug|Any CPU.Build.0 = Debug|Any CPU
		{243C3EE4-2600-4367-B3F3-F88D9F4CC8FB}.Release|Any CPU.ActiveCfg = Release|Any CPU
		{243C3EE4-2600-4367-B3F3-F88D9F4CC8FB}.Release|Any CPU.Build.0 = Release|Any CPU
		{923EEE8F-C206-4AD2-8FC4-E541B23E1237}.Debug|Any CPU.ActiveCfg = Debug|Any CPU
		{923EEE8F-C206-4AD2-8FC4-E541B23E1237}.Debug|Any CPU.Build.0 = Debug|Any CPU
		{923EEE8F-C206-4AD2-8FC4-E541B23E1237}.Release|Any CPU.ActiveCfg = Release|Any CPU
		{923EEE8F-C206-4AD2-8FC4-E541B23E1237}.Release|Any CPU.Build.0 = Release|Any CPU
	EndGlobalSection
	GlobalSection(SolutionProperties) = preSolution
		HideSolutionNode = FALSE
	EndGlobalSection
	GlobalSection(ExtensibilityGlobals) = postSolution
		SolutionGuid = {52197893-5DED-4415-84AA-1A6D6D7ED80D}
	EndGlobalSection
EndGlobal
